
Microsoft Visual Studio Solution File, Format Version 12.00
# Visual Studio Version 16
VisualStudioVersion = 16.0.29418.71
MinimumVisualStudioVersion = 10.0.40219.1
Project("{FAE04EC0-301F-11D3-BF4B-00C04F79EFBC}") = "GIP1.Web", "GIP1.Web\GIP1.Web.csproj", "{37847ABC-40B2-422A-A891-F300DFF34AAB}"
EndProject
Global
	GlobalSection(SolutionConfigurationPlatforms) = preSolution
		Debug|Any CPU = Debug|Any CPU
		Release|Any CPU = Release|Any CPU
	EndGlobalSection
	GlobalSection(ProjectConfigurationPlatforms) = postSolution
		{37847ABC-40B2-422A-A891-F300DFF34AAB}.Debug|Any CPU.ActiveCfg = Debug|Any CPU
		{37847ABC-40B2-422A-A891-F300DFF34AAB}.Debug|Any CPU.Build.0 = Debug|Any CPU
		{37847ABC-40B2-422A-A891-F300DFF34AAB}.Release|Any CPU.ActiveCfg = Release|Any CPU
		{37847ABC-40B2-422A-A891-F300DFF34AAB}.Release|Any CPU.Build.0 = Release|Any CPU
	EndGlobalSection
	GlobalSection(SolutionProperties) = preSolution
		HideSolutionNode = FALSE
	EndGlobalSection
	GlobalSection(ExtensibilityGlobals) = postSolution
		SolutionGuid = {8029C39E-22DA-4229-83AE-7B04B2F8D84A}
	EndGlobalSection
EndGlobal
